# This file is automatically @generated by Cargo.
# It is not intended for manual editing.
[[package]]
name = "text_game"
version = "0.1.0"
dependencies = [
 "ticktime",
 "uuid",
]

[[package]]
name = "ticktime"
version = "0.0.1"
source = "registry+https://github.com/rust-lang/crates.io-index"
checksum = "7e1ee492a6bdb71080cc50a9119f9f9badbbfc9c4d63a2898873d1905ebdb07e"

[[package]]
name = "uuid"
version = "0.8.2"
source = "registry+https://github.com/rust-lang/crates.io-index"
checksum = "bc5cf98d8186244414c848017f0e2676b3fcb46807f6668a97dfe67359a3c4b7"
